
Microsoft Visual Studio Solution File, Format Version 12.00
# Visual Studio Version 16
VisualStudioVersion = 16.0.29920.165
MinimumVisualStudioVersion = 10.0.40219.1
Project("{9A19103F-16F7-4668-BE54-9A1E7A4F7556}") = "QuantityMeasurementAPICiCd", "QuantityMeasurementAPICiCd.csproj", "{DBEF045D-B63C-4A43-A211-FB7A8F0F5FDB}"
EndProject
Project("{9A19103F-16F7-4668-BE54-9A1E7A4F7556}") = "QuantityMeasurementModel", "..\QuantityMeasurementModel\QuantityMeasurementModel.csproj", "{781E7B49-23A5-46AC-8BE3-2C4BA40AABBB}"
EndProject
Project("{9A19103F-16F7-4668-BE54-9A1E7A4F7556}") = "QuantityMeasurementRepository", "..\QuantityMeasurementRepository\QuantityMeasurementRepository.csproj", "{263C8E93-5D00-4763-B2EF-C8385D08E014}"
EndProject
Project("{9A19103F-16F7-4668-BE54-9A1E7A4F7556}") = "QuantityMeasurementManager", "..\QuantityMeasurementManager\QuantityMeasurementManager.csproj", "{E8F87ED5-7287-4A87-AF49-89F308EB07D4}"
EndProject
Global
	GlobalSection(SolutionConfigurationPlatforms) = preSolution
		Debug|Any CPU = Debug|Any CPU
		Release|Any CPU = Release|Any CPU
	EndGlobalSection
	GlobalSection(ProjectConfigurationPlatforms) = postSolution
		{DBEF045D-B63C-4A43-A211-FB7A8F0F5FDB}.Debug|Any CPU.ActiveCfg = Debug|Any CPU
		{DBEF045D-B63C-4A43-A211-FB7A8F0F5FDB}.Debug|Any CPU.Build.0 = Debug|Any CPU
		{DBEF045D-B63C-4A43-A211-FB7A8F0F5FDB}.Release|Any CPU.ActiveCfg = Release|Any CPU
		{DBEF045D-B63C-4A43-A211-FB7A8F0F5FDB}.Release|Any CPU.Build.0 = Release|Any CPU
		{781E7B49-23A5-46AC-8BE3-2C4BA40AABBB}.Debug|Any CPU.ActiveCfg = Debug|Any CPU
		{781E7B49-23A5-46AC-8BE3-2C4BA40AABBB}.Debug|Any CPU.Build.0 = Debug|Any CPU
		{781E7B49-23A5-46AC-8BE3-2C4BA40AABBB}.Release|Any CPU.ActiveCfg = Release|Any CPU
		{781E7B49-23A5-46AC-8BE3-2C4BA40AABBB}.Release|Any CPU.Build.0 = Release|Any CPU
		{263C8E93-5D00-4763-B2EF-C8385D08E014}.Debug|Any CPU.ActiveCfg = Debug|Any CPU
		{263C8E93-5D00-4763-B2EF-C8385D08E014}.Debug|Any CPU.Build.0 = Debug|Any CPU
		{263C8E93-5D00-4763-B2EF-C8385D08E014}.Release|Any CPU.ActiveCfg = Release|Any CPU
		{263C8E93-5D00-4763-B2EF-C8385D08E014}.Release|Any CPU.Build.0 = Release|Any CPU
		{E8F87ED5-7287-4A87-AF49-89F308EB07D4}.Debug|Any CPU.ActiveCfg = Debug|Any CPU
		{E8F87ED5-7287-4A87-AF49-89F308EB07D4}.Debug|Any CPU.Build.0 = Debug|Any CPU
		{E8F87ED5-7287-4A87-AF49-89F308EB07D4}.Release|Any CPU.ActiveCfg = Release|Any CPU
		{E8F87ED5-7287-4A87-AF49-89F308EB07D4}.Release|Any CPU.Build.0 = Release|Any CPU
	EndGlobalSection
	GlobalSection(SolutionProperties) = preSolution
		HideSolutionNode = FALSE
	EndGlobalSection
	GlobalSection(ExtensibilityGlobals) = postSolution
		SolutionGuid = {5B09FC68-83E9-4D32-9C67-0F31E0FECEB6}
	EndGlobalSection
EndGlobal
